
Microsoft Visual Studio Solution File, Format Version 12.00
# Visual Studio Version 16
VisualStudioVersion = 16.0.29324.140
MinimumVisualStudioVersion = 10.0.40219.1
Project("{9A19103F-16F7-4668-BE54-9A1E7A4F7556}") = "RepositoryAndTesting", "RepositoryAndTesting\RepositoryAndTesting.csproj", "{B70B7E8E-32A0-4B98-8B79-69D007B1B027}"
EndProject
Project("{FAE04EC0-301F-11D3-BF4B-00C04F79EFBC}") = "TestFileRepositoryLogic", "TestFileRepositoryLogic\TestFileRepositoryLogic.csproj", "{FF188583-BEF9-4DF3-86C3-5A8AB8C6AE16}"
EndProject
Global
	GlobalSection(SolutionConfigurationPlatforms) = preSolution
		Debug|Any CPU = Debug|Any CPU
		Release|Any CPU = Release|Any CPU
	EndGlobalSection
	GlobalSection(ProjectConfigurationPlatforms) = postSolution
		{B70B7E8E-32A0-4B98-8B79-69D007B1B027}.Debug|Any CPU.ActiveCfg = Debug|Any CPU
		{B70B7E8E-32A0-4B98-8B79-69D007B1B027}.Debug|Any CPU.Build.0 = Debug|Any CPU
		{B70B7E8E-32A0-4B98-8B79-69D007B1B027}.Release|Any CPU.ActiveCfg = Release|Any CPU
		{B70B7E8E-32A0-4B98-8B79-69D007B1B027}.Release|Any CPU.Build.0 = Release|Any CPU
		{FF188583-BEF9-4DF3-86C3-5A8AB8C6AE16}.Debug|Any CPU.ActiveCfg = Debug|Any CPU
		{FF188583-BEF9-4DF3-86C3-5A8AB8C6AE16}.Debug|Any CPU.Build.0 = Debug|Any CPU
		{FF188583-BEF9-4DF3-86C3-5A8AB8C6AE16}.Release|Any CPU.ActiveCfg = Release|Any CPU
		{FF188583-BEF9-4DF3-86C3-5A8AB8C6AE16}.Release|Any CPU.Build.0 = Release|Any CPU
	EndGlobalSection
	GlobalSection(SolutionProperties) = preSolution
		HideSolutionNode = FALSE
	EndGlobalSection
	GlobalSection(ExtensibilityGlobals) = postSolution
		SolutionGuid = {5D7FA1B9-A621-4D56-81ED-C28DFE52FFBA}
	EndGlobalSection
EndGlobal
